{
  "name": "myproject",
  "version": "1.0.0",
  "lockfileVersion": 1,
  "requires": true,
  "dependencies": {
    "@fav/text.pad": {
      "version": "1.0.3",
      "resolved": "https://registry.npmjs.org/@fav/text.pad/-/text.pad-1.0.3.tgz",
      "integrity": "sha512-Khnfzn9fy8+IMFGRKOkdAmT0LINvLdTi2LeTcd17OSFzWFDcwexkXw9MAJn/HNaWhzVKyiEDrt/n/6pS6gK/4A==",
      "requires": {
        "@fav/text.repeat": "^1.0.1"
      }
    },
    "@fav/text.repeat": {
      "version": "1.0.4",
      "resolved": "https://registry.npmjs.org/@fav/text.repeat/-/text.repeat-1.0.4.tgz",
      "integrity": "sha512-ztFSCghMPnFllWGcCMNh/cq6uA0iKWLPNjMYEknxfmEsUB1JsohP9z5tw3LVOKt06hlHRhPk35+NgVQ8rWb6hA=="
    },
    "strpad": {
      "version": "1.1.0",
      "resolved": "https://registry.npmjs.org/strpad/-/strpad-1.1.0.tgz",
      "integrity": "sha512-PXZkRgABWbET43QEonbtSIktJ0+nZAtr3uAA+PtqfhP+Dkjh+Drg7pkQGxYApfvt2Jh4x9A3Hh4tQN/dIuWREA==",
      "requires": {
        "@fav/text.pad": "^1.0.3"
      }
    }
  }
}
